
Microsoft Visual Studio Solution File, Format Version 12.00
# Visual Studio Version 17
VisualStudioVersion = 17.11.35222.181
MinimumVisualStudioVersion = 10.0.40219.1
Project("{9A19103F-16F7-4668-BE54-9A1E7A4F7556}") = "ISL.Providers.ReIdentification.Abstractions", "ISL.Providers.ReIdentification.Abstractions\ISL.Providers.ReIdentification.Abstractions.csproj", "{FDF6DDD3-6CD7-40C4-AB0B-C97AE97643E1}"
EndProject
Project("{9A19103F-16F7-4668-BE54-9A1E7A4F7556}") = "ISL.Providers.ReIdentification.Infrastructure", "ISL.Providers.ReIdentification.Infrastructure\ISL.Providers.ReIdentification.Infrastructure.csproj", "{BF04A4F1-75C4-4B04-899A-88ADA18FA2C2}"
EndProject
Project("{9A19103F-16F7-4668-BE54-9A1E7A4F7556}") = "ISL.Providers.ReIdentification.Necs", "ISL.Providers.ReIdentification.Necs\ISL.Providers.ReIdentification.Necs.csproj", "{4F401D48-2CBF-4BF6-B018-1A838777BAFE}"
EndProject
Project("{9A19103F-16F7-4668-BE54-9A1E7A4F7556}") = "ISL.Providers.ReIdentification.Necs.Tests.Unit", "ISL.Providers.ReIdentification.Necs.Tests.Unit\ISL.Providers.ReIdentification.Necs.Tests.Unit.csproj", "{86BAC5DC-C65D-48D4-BFF5-97468720A918}"
EndProject
Project("{9A19103F-16F7-4668-BE54-9A1E7A4F7556}") = "ISL.Providers.ReIdentification.Necs.Tests.Acceptance", "ISL.Providers.ReIdentification.Necs.Tests.Acceptance\ISL.Providers.ReIdentification.Necs.Tests.Acceptance.csproj", "{BDAD4B92-0731-45A3-895B-8462107EAE3C}"
EndProject
Project("{2150E333-8FDC-42A3-9474-1A3956D46DE8}") = "Providers", "Providers", "{0B3F9412-F7C7-48F7-8A6D-A8F869109ACE}"
EndProject
Project("{9A19103F-16F7-4668-BE54-9A1E7A4F7556}") = "ISL.Providers.ReIdentification.Abstractions.Tests.Unit", "ISL.Providers.ReIdentification.Abstractions.Tests.Unit\ISL.Providers.ReIdentification.Abstractions.Tests.Unit.csproj", "{210BDADE-4D6D-403D-9D27-725560FA75FC}"
EndProject
Project("{9A19103F-16F7-4668-BE54-9A1E7A4F7556}") = "ISL.Providers.ReIdentification.Abstractions.Tests.Acceptance", "ISL.Providers.ReIdentification.Abstractions.Tests.Acceptance\ISL.Providers.ReIdentification.Abstractions.Tests.Acceptance.csproj", "{CE957637-828E-483E-96A5-F6CFAD9B78F7}"
EndProject
Project("{2150E333-8FDC-42A3-9474-1A3956D46DE8}") = "Abstraction Provider", "Abstraction Provider", "{D9DBC8E0-956A-4ECB-A359-B203329FFBC6}"
EndProject
Project("{2150E333-8FDC-42A3-9474-1A3956D46DE8}") = "NECS", "NECS", "{2B796AAA-5C90-4FF2-A66D-57D4CF83DFCF}"
EndProject
Project("{2150E333-8FDC-42A3-9474-1A3956D46DE8}") = "OfflineFiles", "OfflineFiles", "{8D1844CB-D1E7-4CDA-9C9E-44F6A793C4C7}"
EndProject
Project("{9A19103F-16F7-4668-BE54-9A1E7A4F7556}") = "ISL.Providers.ReIdentification.OfflineFileSources", "ISL.Providers.ReIdentification.OfflineFileSources\ISL.Providers.ReIdentification.OfflineFileSources.csproj", "{777E65C6-8AF0-4BA9-9E41-3EC4DCBF7FF0}"
EndProject
Project("{9A19103F-16F7-4668-BE54-9A1E7A4F7556}") = "ISL.Providers.ReIdentification.OfflineFileSources.Tests.Acceptance", "ISL.Providers.ReIdentification.OfflineFileSources.Tests.Acceptance\ISL.Providers.ReIdentification.OfflineFileSources.Tests.Acceptance.csproj", "{BE6CD28E-119C-454F-9E12-5799FEEBE7C7}"
EndProject
Project("{9A19103F-16F7-4668-BE54-9A1E7A4F7556}") = "ISL.Providers.ReIdentification.OfflineFileSources.Tests.Unit", "ISL.Providers.ReIdentification.OfflineFileSources.Tests.Unit\ISL.Providers.ReIdentification.OfflineFileSources.Tests.Unit.csproj", "{B0A86AF1-EB24-4C53-8E31-A7C1B3DFCA36}"
EndProject
Project("{FAE04EC0-301F-11D3-BF4B-00C04F79EFBC}") = "ISL.NecsApi.Tests.Integrations", "ISL.NecsApi.Tests.Integrations\ISL.NecsApi.Tests.Integrations.csproj", "{CFA465BC-A2C6-4AD7-930A-15BE079752EA}"
EndProject
Project("{FAE04EC0-301F-11D3-BF4B-00C04F79EFBC}") = "ISL.Providers.ReIdentification.Necs.Tests.Integrations", "ISL.Providers.ReIdentification.Necs.Tests.Integrations\ISL.Providers.ReIdentification.Necs.Tests.Integrations.csproj", "{E73665FA-AE66-4AE7-B3B8-3DEC316039D0}"
EndProject
Project("{2150E333-8FDC-42A3-9474-1A3956D46DE8}") = "DemoData", "DemoData", "{CA43A516-E090-485D-9402-89485629F2A4}"
EndProject
Project("{FAE04EC0-301F-11D3-BF4B-00C04F79EFBC}") = "ISL.Providers.ReIdentification.DemoData", "ISL.Providers.ReIdentification.DemoData\ISL.Providers.ReIdentification.DemoData.csproj", "{D79C9EB9-E7D0-4A99-9BB9-B45CB39DBF5C}"
EndProject
Project("{FAE04EC0-301F-11D3-BF4B-00C04F79EFBC}") = "ISL.Providers.ReIdentification.DemoData.Tests.Unit", "ISL.Providers.ReIdentification.DemoData.Tests.Unit\ISL.Providers.ReIdentification.DemoData.Tests.Unit.csproj", "{673FCA7E-D66E-48F0-9A8F-1287A6EC733E}"
EndProject
Project("{FAE04EC0-301F-11D3-BF4B-00C04F79EFBC}") = "ISL.Providers.ReIdentification.DemoData.Tests.Acceptance", "ISL.Providers.ReIdentification.DemoData.Tests.Acceptance\ISL.Providers.ReIdentification.DemoData.Tests.Acceptance.csproj", "{68B8B285-B1A9-4021-85F3-53185485CFBA}"
EndProject
Global
	GlobalSection(SolutionConfigurationPlatforms) = preSolution
		Debug|Any CPU = Debug|Any CPU
		Release|Any CPU = Release|Any CPU
	EndGlobalSection
	GlobalSection(ProjectConfigurationPlatforms) = postSolution
		{FDF6DDD3-6CD7-40C4-AB0B-C97AE97643E1}.Debug|Any CPU.ActiveCfg = Debug|Any CPU
		{FDF6DDD3-6CD7-40C4-AB0B-C97AE97643E1}.Debug|Any CPU.Build.0 = Debug|Any CPU
		{FDF6DDD3-6CD7-40C4-AB0B-C97AE97643E1}.Release|Any CPU.ActiveCfg = Release|Any CPU
		{FDF6DDD3-6CD7-40C4-AB0B-C97AE97643E1}.Release|Any CPU.Build.0 = Release|Any CPU
		{BF04A4F1-75C4-4B04-899A-88ADA18FA2C2}.Debug|Any CPU.ActiveCfg = Debug|Any CPU
		{BF04A4F1-75C4-4B04-899A-88ADA18FA2C2}.Debug|Any CPU.Build.0 = Debug|Any CPU
		{BF04A4F1-75C4-4B04-899A-88ADA18FA2C2}.Release|Any CPU.ActiveCfg = Release|Any CPU
		{BF04A4F1-75C4-4B04-899A-88ADA18FA2C2}.Release|Any CPU.Build.0 = Release|Any CPU
		{4F401D48-2CBF-4BF6-B018-1A838777BAFE}.Debug|Any CPU.ActiveCfg = Debug|Any CPU
		{4F401D48-2CBF-4BF6-B018-1A838777BAFE}.Debug|Any CPU.Build.0 = Debug|Any CPU
		{4F401D48-2CBF-4BF6-B018-1A838777BAFE}.Release|Any CPU.ActiveCfg = Release|Any CPU
		{4F401D48-2CBF-4BF6-B018-1A838777BAFE}.Release|Any CPU.Build.0 = Release|Any CPU
		{86BAC5DC-C65D-48D4-BFF5-97468720A918}.Debug|Any CPU.ActiveCfg = Debug|Any CPU
		{86BAC5DC-C65D-48D4-BFF5-97468720A918}.Debug|Any CPU.Build.0 = Debug|Any CPU
		{86BAC5DC-C65D-48D4-BFF5-97468720A918}.Release|Any CPU.ActiveCfg = Release|Any CPU
		{86BAC5DC-C65D-48D4-BFF5-97468720A918}.Release|Any CPU.Build.0 = Release|Any CPU
		{BDAD4B92-0731-45A3-895B-8462107EAE3C}.Debug|Any CPU.ActiveCfg = Debug|Any CPU
		{BDAD4B92-0731-45A3-895B-8462107EAE3C}.Debug|Any CPU.Build.0 = Debug|Any CPU
		{BDAD4B92-0731-45A3-895B-8462107EAE3C}.Release|Any CPU.ActiveCfg = Release|Any CPU
		{BDAD4B92-0731-45A3-895B-8462107EAE3C}.Release|Any CPU.Build.0 = Release|Any CPU
		{210BDADE-4D6D-403D-9D27-725560FA75FC}.Debug|Any CPU.ActiveCfg = Debug|Any CPU
		{210BDADE-4D6D-403D-9D27-725560FA75FC}.Debug|Any CPU.Build.0 = Debug|Any CPU
		{210BDADE-4D6D-403D-9D27-725560FA75FC}.Release|Any CPU.ActiveCfg = Release|Any CPU
		{210BDADE-4D6D-403D-9D27-725560FA75FC}.Release|Any CPU.Build.0 = Release|Any CPU
		{CE957637-828E-483E-96A5-F6CFAD9B78F7}.Debug|Any CPU.ActiveCfg = Debug|Any CPU
		{CE957637-828E-483E-96A5-F6CFAD9B78F7}.Debug|Any CPU.Build.0 = Debug|Any CPU
		{CE957637-828E-483E-96A5-F6CFAD9B78F7}.Release|Any CPU.ActiveCfg = Release|Any CPU
		{CE957637-828E-483E-96A5-F6CFAD9B78F7}.Release|Any CPU.Build.0 = Release|Any CPU
		{777E65C6-8AF0-4BA9-9E41-3EC4DCBF7FF0}.Debug|Any CPU.ActiveCfg = Debug|Any CPU
		{777E65C6-8AF0-4BA9-9E41-3EC4DCBF7FF0}.Debug|Any CPU.Build.0 = Debug|Any CPU
		{777E65C6-8AF0-4BA9-9E41-3EC4DCBF7FF0}.Release|Any CPU.ActiveCfg = Release|Any CPU
		{777E65C6-8AF0-4BA9-9E41-3EC4DCBF7FF0}.Release|Any CPU.Build.0 = Release|Any CPU
		{BE6CD28E-119C-454F-9E12-5799FEEBE7C7}.Debug|Any CPU.ActiveCfg = Debug|Any CPU
		{BE6CD28E-119C-454F-9E12-5799FEEBE7C7}.Debug|Any CPU.Build.0 = Debug|Any CPU
		{BE6CD28E-119C-454F-9E12-5799FEEBE7C7}.Release|Any CPU.ActiveCfg = Release|Any CPU
		{BE6CD28E-119C-454F-9E12-5799FEEBE7C7}.Release|Any CPU.Build.0 = Release|Any CPU
		{B0A86AF1-EB24-4C53-8E31-A7C1B3DFCA36}.Debug|Any CPU.ActiveCfg = Debug|Any CPU
		{B0A86AF1-EB24-4C53-8E31-A7C1B3DFCA36}.Debug|Any CPU.Build.0 = Debug|Any CPU
		{B0A86AF1-EB24-4C53-8E31-A7C1B3DFCA36}.Release|Any CPU.ActiveCfg = Release|Any CPU
		{B0A86AF1-EB24-4C53-8E31-A7C1B3DFCA36}.Release|Any CPU.Build.0 = Release|Any CPU
		{CFA465BC-A2C6-4AD7-930A-15BE079752EA}.Debug|Any CPU.ActiveCfg = Debug|Any CPU
		{CFA465BC-A2C6-4AD7-930A-15BE079752EA}.Debug|Any CPU.Build.0 = Debug|Any CPU
		{CFA465BC-A2C6-4AD7-930A-15BE079752EA}.Release|Any CPU.ActiveCfg = Release|Any CPU
		{CFA465BC-A2C6-4AD7-930A-15BE079752EA}.Release|Any CPU.Build.0 = Release|Any CPU
		{E73665FA-AE66-4AE7-B3B8-3DEC316039D0}.Debug|Any CPU.ActiveCfg = Debug|Any CPU
		{E73665FA-AE66-4AE7-B3B8-3DEC316039D0}.Debug|Any CPU.Build.0 = Debug|Any CPU
		{E73665FA-AE66-4AE7-B3B8-3DEC316039D0}.Release|Any CPU.ActiveCfg = Release|Any CPU
		{E73665FA-AE66-4AE7-B3B8-3DEC316039D0}.Release|Any CPU.Build.0 = Release|Any CPU
		{D79C9EB9-E7D0-4A99-9BB9-B45CB39DBF5C}.Debug|Any CPU.ActiveCfg = Debug|Any CPU
		{D79C9EB9-E7D0-4A99-9BB9-B45CB39DBF5C}.Debug|Any CPU.Build.0 = Debug|Any CPU
		{D79C9EB9-E7D0-4A99-9BB9-B45CB39DBF5C}.Release|Any CPU.ActiveCfg = Release|Any CPU
		{D79C9EB9-E7D0-4A99-9BB9-B45CB39DBF5C}.Release|Any CPU.Build.0 = Release|Any CPU
		{673FCA7E-D66E-48F0-9A8F-1287A6EC733E}.Debug|Any CPU.ActiveCfg = Debug|Any CPU
		{673FCA7E-D66E-48F0-9A8F-1287A6EC733E}.Debug|Any CPU.Build.0 = Debug|Any CPU
		{673FCA7E-D66E-48F0-9A8F-1287A6EC733E}.Release|Any CPU.ActiveCfg = Release|Any CPU
		{673FCA7E-D66E-48F0-9A8F-1287A6EC733E}.Release|Any CPU.Build.0 = Release|Any CPU
		{68B8B285-B1A9-4021-85F3-53185485CFBA}.Debug|Any CPU.ActiveCfg = Debug|Any CPU
		{68B8B285-B1A9-4021-85F3-53185485CFBA}.Debug|Any CPU.Build.0 = Debug|Any CPU
		{68B8B285-B1A9-4021-85F3-53185485CFBA}.Release|Any CPU.ActiveCfg = Release|Any CPU
		{68B8B285-B1A9-4021-85F3-53185485CFBA}.Release|Any CPU.Build.0 = Release|Any CPU
	EndGlobalSection
	GlobalSection(SolutionProperties) = preSolution
		HideSolutionNode = FALSE
	EndGlobalSection
	GlobalSection(NestedProjects) = preSolution
		{FDF6DDD3-6CD7-40C4-AB0B-C97AE97643E1} = {D9DBC8E0-956A-4ECB-A359-B203329FFBC6}
		{4F401D48-2CBF-4BF6-B018-1A838777BAFE} = {2B796AAA-5C90-4FF2-A66D-57D4CF83DFCF}
		{86BAC5DC-C65D-48D4-BFF5-97468720A918} = {2B796AAA-5C90-4FF2-A66D-57D4CF83DFCF}
		{BDAD4B92-0731-45A3-895B-8462107EAE3C} = {2B796AAA-5C90-4FF2-A66D-57D4CF83DFCF}
		{210BDADE-4D6D-403D-9D27-725560FA75FC} = {D9DBC8E0-956A-4ECB-A359-B203329FFBC6}
		{CE957637-828E-483E-96A5-F6CFAD9B78F7} = {D9DBC8E0-956A-4ECB-A359-B203329FFBC6}
		{2B796AAA-5C90-4FF2-A66D-57D4CF83DFCF} = {0B3F9412-F7C7-48F7-8A6D-A8F869109ACE}
		{8D1844CB-D1E7-4CDA-9C9E-44F6A793C4C7} = {0B3F9412-F7C7-48F7-8A6D-A8F869109ACE}
		{777E65C6-8AF0-4BA9-9E41-3EC4DCBF7FF0} = {8D1844CB-D1E7-4CDA-9C9E-44F6A793C4C7}
		{BE6CD28E-119C-454F-9E12-5799FEEBE7C7} = {8D1844CB-D1E7-4CDA-9C9E-44F6A793C4C7}
		{B0A86AF1-EB24-4C53-8E31-A7C1B3DFCA36} = {8D1844CB-D1E7-4CDA-9C9E-44F6A793C4C7}
		{CFA465BC-A2C6-4AD7-930A-15BE079752EA} = {2B796AAA-5C90-4FF2-A66D-57D4CF83DFCF}
		{E73665FA-AE66-4AE7-B3B8-3DEC316039D0} = {2B796AAA-5C90-4FF2-A66D-57D4CF83DFCF}
		{CA43A516-E090-485D-9402-89485629F2A4} = {0B3F9412-F7C7-48F7-8A6D-A8F869109ACE}
		{D79C9EB9-E7D0-4A99-9BB9-B45CB39DBF5C} = {CA43A516-E090-485D-9402-89485629F2A4}
		{673FCA7E-D66E-48F0-9A8F-1287A6EC733E} = {CA43A516-E090-485D-9402-89485629F2A4}
		{68B8B285-B1A9-4021-85F3-53185485CFBA} = {CA43A516-E090-485D-9402-89485629F2A4}
	EndGlobalSection
	GlobalSection(ExtensibilityGlobals) = postSolution
		SolutionGuid = {71F274A5-5D15-4661-9D0B-01EBBFF052BA}
	EndGlobalSection
EndGlobal
